
Microsoft Visual Studio Solution File, Format Version 12.00
# Visual Studio Version 16
VisualStudioVersion = 16.0.31409.214
MinimumVisualStudioVersion = 10.0.40219.1
Project("{FAE04EC0-301F-11D3-BF4B-00C04F79EFBC}") = "FormulaMagica", "FormulaMagica\FormulaMagica.csproj", "{147E7F3D-2EBC-444D-9373-4BFDA58B51B6}"
EndProject
Global
	GlobalSection(SolutionConfigurationPlatforms) = preSolution
		Debug|Any CPU = Debug|Any CPU
		Release|Any CPU = Release|Any CPU
	EndGlobalSection
	GlobalSection(ProjectConfigurationPlatforms) = postSolution
		{147E7F3D-2EBC-444D-9373-4BFDA58B51B6}.Debug|Any CPU.ActiveCfg = Debug|Any CPU
		{147E7F3D-2EBC-444D-9373-4BFDA58B51B6}.Debug|Any CPU.Build.0 = Debug|Any CPU
		{147E7F3D-2EBC-444D-9373-4BFDA58B51B6}.Release|Any CPU.ActiveCfg = Release|Any CPU
		{147E7F3D-2EBC-444D-9373-4BFDA58B51B6}.Release|Any CPU.Build.0 = Release|Any CPU
	EndGlobalSection
	GlobalSection(SolutionProperties) = preSolution
		HideSolutionNode = FALSE
	EndGlobalSection
	GlobalSection(ExtensibilityGlobals) = postSolution
		SolutionGuid = {E2FD8612-D75D-4751-B06A-414394BCB558}
	EndGlobalSection
EndGlobal
